{
  "name": "pdf-to-image-function",
  "version": "1.0.0",
  "lockfileVersion": 2,
  "requires": true,
  "packages": {
    "": {
      "name": "pdf-to-image-function",
      "version": "1.0.0",
      "dependencies": {
        "express": "^4.18.2",
        "multer": "^1.4.5-lts.1",
        "pdf-poppler": "^0.5.2",
        "tesseract.js": "^4.0.2"
      }
    },
    "node_modules/express": {
      "version": "4.18.2",
      "resolved": "https://registry.npmjs.org/express/-/express-4.18.2.tgz",
      "integrity": "sha512-...",
      "dependencies": {}
    },
    "node_modules/multer": {
      "version": "1.4.5-lts.1",
      "resolved": "https://registry.npmjs.org/multer/-/multer-1.4.5-lts.1.tgz",
      "integrity": "sha512-...",
      "dependencies": {}
    },
    "node_modules/pdf-poppler": {
      "version": "0.5.2",
      "resolved": "https://registry.npmjs.org/pdf-poppler/-/pdf-poppler-0.5.2.tgz",
      "integrity": "sha512-...",
      "dependencies": {}
    },
    "node_modules/tesseract.js": {
      "version": "4.0.2",
      "resolved": "https://registry.npmjs.org/tesseract.js/-/tesseract.js-4.0.2.tgz",
      "integrity": "sha512-...",
      "dependencies": {}
    }
  }
}